
Microsoft Visual Studio Solution File, Format Version 12.00
# Visual Studio Version 17
VisualStudioVersion = 17.8.34309.116
MinimumVisualStudioVersion = 10.0.40219.1
Project("{FAE04EC0-301F-11D3-BF4B-00C04F79EFBC}") = "EmbyBot", "EmbyBot.csproj", "{6300EA9F-CE1B-48C6-8E31-B71BA5618CA5}"
EndProject
Global
	GlobalSection(SolutionConfigurationPlatforms) = preSolution
		Debug|Any CPU = Debug|Any CPU
		Release|Any CPU = Release|Any CPU
	EndGlobalSection
	GlobalSection(ProjectConfigurationPlatforms) = postSolution
		{6300EA9F-CE1B-48C6-8E31-B71BA5618CA5}.Debug|Any CPU.ActiveCfg = Debug|Any CPU
		{6300EA9F-CE1B-48C6-8E31-B71BA5618CA5}.Debug|Any CPU.Build.0 = Debug|Any CPU
		{6300EA9F-CE1B-48C6-8E31-B71BA5618CA5}.Release|Any CPU.ActiveCfg = Release|Any CPU
		{6300EA9F-CE1B-48C6-8E31-B71BA5618CA5}.Release|Any CPU.Build.0 = Release|Any CPU
	EndGlobalSection
	GlobalSection(SolutionProperties) = preSolution
		HideSolutionNode = FALSE
	EndGlobalSection
	GlobalSection(ExtensibilityGlobals) = postSolution
		SolutionGuid = {1012E79D-14E7-4B7C-B43D-9C49B1992E91}
	EndGlobalSection
EndGlobal
